
Microsoft Visual Studio Solution File, Format Version 12.00
# Visual Studio Version 17
VisualStudioVersion = 17.11.35327.3
MinimumVisualStudioVersion = 10.0.40219.1
Project("{9A19103F-16F7-4668-BE54-9A1E7A4F7556}") = "RestfulApiGelistirme", "RestfulApiGelistirme\RestfulApiGelistirme.csproj", "{685C519F-87D7-4B61-8999-6DE36520D7B8}"
EndProject
Project("{FAE04EC0-301F-11D3-BF4B-00C04F79EFBC}") = "Entities", "Entities\Entities.csproj", "{9549C428-29D9-43C6-8E45-B35AF383BE13}"
EndProject
Project("{FAE04EC0-301F-11D3-BF4B-00C04F79EFBC}") = "Repository", "Repository\Repository.csproj", "{8E5753A8-BFE3-4664-A4E0-E2B9F7D710B1}"
EndProject
Global
	GlobalSection(SolutionConfigurationPlatforms) = preSolution
		Debug|Any CPU = Debug|Any CPU
		Release|Any CPU = Release|Any CPU
	EndGlobalSection
	GlobalSection(ProjectConfigurationPlatforms) = postSolution
		{685C519F-87D7-4B61-8999-6DE36520D7B8}.Debug|Any CPU.ActiveCfg = Debug|Any CPU
		{685C519F-87D7-4B61-8999-6DE36520D7B8}.Debug|Any CPU.Build.0 = Debug|Any CPU
		{685C519F-87D7-4B61-8999-6DE36520D7B8}.Release|Any CPU.ActiveCfg = Release|Any CPU
		{685C519F-87D7-4B61-8999-6DE36520D7B8}.Release|Any CPU.Build.0 = Release|Any CPU
		{9549C428-29D9-43C6-8E45-B35AF383BE13}.Debug|Any CPU.ActiveCfg = Debug|Any CPU
		{9549C428-29D9-43C6-8E45-B35AF383BE13}.Debug|Any CPU.Build.0 = Debug|Any CPU
		{9549C428-29D9-43C6-8E45-B35AF383BE13}.Release|Any CPU.ActiveCfg = Release|Any CPU
		{9549C428-29D9-43C6-8E45-B35AF383BE13}.Release|Any CPU.Build.0 = Release|Any CPU
		{8E5753A8-BFE3-4664-A4E0-E2B9F7D710B1}.Debug|Any CPU.ActiveCfg = Debug|Any CPU
		{8E5753A8-BFE3-4664-A4E0-E2B9F7D710B1}.Debug|Any CPU.Build.0 = Debug|Any CPU
		{8E5753A8-BFE3-4664-A4E0-E2B9F7D710B1}.Release|Any CPU.ActiveCfg = Release|Any CPU
		{8E5753A8-BFE3-4664-A4E0-E2B9F7D710B1}.Release|Any CPU.Build.0 = Release|Any CPU
	EndGlobalSection
	GlobalSection(SolutionProperties) = preSolution
		HideSolutionNode = FALSE
	EndGlobalSection
	GlobalSection(ExtensibilityGlobals) = postSolution
		SolutionGuid = {6E438471-9CFD-4D1F-9E12-A8A448AB5AE9}
	EndGlobalSection
EndGlobal
